
Microsoft Visual Studio Solution File, Format Version 12.00
# Visual Studio 15
VisualStudioVersion = 15.0.28010.2003
MinimumVisualStudioVersion = 10.0.40219.1
Project("{8BC9CEB8-8B4A-11D0-8D11-00A0C91BC942}") = "TurningPlugin", "TurningPlugin\TurningPlugin.vcxproj", "{B69956BB-81B4-4310-B1EE-500F7B6E7FF1}"
EndProject
Project("{2150E333-8FDC-42A3-9474-1A3956D46DE8}") = "Solution Items", "Solution Items", "{7B92720C-AACF-4572-9E82-72B8D7BCEF2F}"
	ProjectSection(SolutionItems) = preProject
		TurningPlugin.set = TurningPlugin.set
	EndProjectSection
EndProject
Global
	GlobalSection(SolutionConfigurationPlatforms) = preSolution
		Debug|x64 = Debug|x64
		Debug|x86 = Debug|x86
		Release|x64 = Release|x64
		Release|x86 = Release|x86
	EndGlobalSection
	GlobalSection(ProjectConfigurationPlatforms) = postSolution
		{B69956BB-81B4-4310-B1EE-500F7B6E7FF1}.Debug|x64.ActiveCfg = Debug|x64
		{B69956BB-81B4-4310-B1EE-500F7B6E7FF1}.Debug|x64.Build.0 = Debug|x64
		{B69956BB-81B4-4310-B1EE-500F7B6E7FF1}.Debug|x86.ActiveCfg = Debug|Win32
		{B69956BB-81B4-4310-B1EE-500F7B6E7FF1}.Debug|x86.Build.0 = Debug|Win32
		{B69956BB-81B4-4310-B1EE-500F7B6E7FF1}.Release|x64.ActiveCfg = Release|x64
		{B69956BB-81B4-4310-B1EE-500F7B6E7FF1}.Release|x64.Build.0 = Release|x64
		{B69956BB-81B4-4310-B1EE-500F7B6E7FF1}.Release|x86.ActiveCfg = Release|Win32
		{B69956BB-81B4-4310-B1EE-500F7B6E7FF1}.Release|x86.Build.0 = Release|Win32
	EndGlobalSection
	GlobalSection(SolutionProperties) = preSolution
		HideSolutionNode = FALSE
	EndGlobalSection
	GlobalSection(ExtensibilityGlobals) = postSolution
		SolutionGuid = {A5DECC0E-CF67-4A08-8EE5-A6F7C44C6C65}
	EndGlobalSection
EndGlobal
